
Microsoft Visual Studio Solution File, Format Version 12.00
# Visual Studio Version 16
VisualStudioVersion = 16.0.28922.388
MinimumVisualStudioVersion = 10.0.40219.1
Project("{FAE04EC0-301F-11D3-BF4B-00C04F79EFBC}") = "UnicodeTaishaunJ", "UnicodeTaishaunJ\UnicodeTaishaunJ.csproj", "{E0B1F337-08A4-497F-BDF6-BF65B3790889}"
EndProject
Global
	GlobalSection(SolutionConfigurationPlatforms) = preSolution
		Debug|Any CPU = Debug|Any CPU
		Release|Any CPU = Release|Any CPU
	EndGlobalSection
	GlobalSection(ProjectConfigurationPlatforms) = postSolution
		{E0B1F337-08A4-497F-BDF6-BF65B3790889}.Debug|Any CPU.ActiveCfg = Debug|Any CPU
		{E0B1F337-08A4-497F-BDF6-BF65B3790889}.Debug|Any CPU.Build.0 = Debug|Any CPU
		{E0B1F337-08A4-497F-BDF6-BF65B3790889}.Release|Any CPU.ActiveCfg = Release|Any CPU
		{E0B1F337-08A4-497F-BDF6-BF65B3790889}.Release|Any CPU.Build.0 = Release|Any CPU
	EndGlobalSection
	GlobalSection(SolutionProperties) = preSolution
		HideSolutionNode = FALSE
	EndGlobalSection
	GlobalSection(ExtensibilityGlobals) = postSolution
		SolutionGuid = {543256BF-2ED4-45E3-BF73-8A9C54BB8035}
	EndGlobalSection
EndGlobal
