
Microsoft Visual Studio Solution File, Format Version 12.00
# Visual Studio Version 16
VisualStudioVersion = 16.0.28922.388
MinimumVisualStudioVersion = 10.0.40219.1
Project("{FAE04EC0-301F-11D3-BF4B-00C04F79EFBC}") = "NestedLoopsTaishaun", "NestedLoopsTaishaun\NestedLoopsTaishaun.csproj", "{D0D14E6B-866D-4821-8B71-8EBE87058416}"
EndProject
Global
	GlobalSection(SolutionConfigurationPlatforms) = preSolution
		Debug|Any CPU = Debug|Any CPU
		Release|Any CPU = Release|Any CPU
	EndGlobalSection
	GlobalSection(ProjectConfigurationPlatforms) = postSolution
		{D0D14E6B-866D-4821-8B71-8EBE87058416}.Debug|Any CPU.ActiveCfg = Debug|Any CPU
		{D0D14E6B-866D-4821-8B71-8EBE87058416}.Debug|Any CPU.Build.0 = Debug|Any CPU
		{D0D14E6B-866D-4821-8B71-8EBE87058416}.Release|Any CPU.ActiveCfg = Release|Any CPU
		{D0D14E6B-866D-4821-8B71-8EBE87058416}.Release|Any CPU.Build.0 = Release|Any CPU
	EndGlobalSection
	GlobalSection(SolutionProperties) = preSolution
		HideSolutionNode = FALSE
	EndGlobalSection
	GlobalSection(ExtensibilityGlobals) = postSolution
		SolutionGuid = {162D6F26-BF9C-4AD1-81F2-53D3AF688A00}
	EndGlobalSection
EndGlobal
