
Microsoft Visual Studio Solution File, Format Version 12.00
# Visual Studio Version 16
VisualStudioVersion = 16.0.28922.388
MinimumVisualStudioVersion = 10.0.40219.1
Project("{FAE04EC0-301F-11D3-BF4B-00C04F79EFBC}") = "NumberGuessingTaishaun", "NumberGuessingTaishaun\NumberGuessingTaishaun.csproj", "{1734C1C0-9087-454A-8AD1-53A8B88EB624}"
EndProject
Global
	GlobalSection(SolutionConfigurationPlatforms) = preSolution
		Debug|Any CPU = Debug|Any CPU
		Release|Any CPU = Release|Any CPU
	EndGlobalSection
	GlobalSection(ProjectConfigurationPlatforms) = postSolution
		{1734C1C0-9087-454A-8AD1-53A8B88EB624}.Debug|Any CPU.ActiveCfg = Debug|Any CPU
		{1734C1C0-9087-454A-8AD1-53A8B88EB624}.Debug|Any CPU.Build.0 = Debug|Any CPU
		{1734C1C0-9087-454A-8AD1-53A8B88EB624}.Release|Any CPU.ActiveCfg = Release|Any CPU
		{1734C1C0-9087-454A-8AD1-53A8B88EB624}.Release|Any CPU.Build.0 = Release|Any CPU
	EndGlobalSection
	GlobalSection(SolutionProperties) = preSolution
		HideSolutionNode = FALSE
	EndGlobalSection
	GlobalSection(ExtensibilityGlobals) = postSolution
		SolutionGuid = {77C0DDE3-CEB0-48D0-A2BD-A39B9AE9B5A6}
	EndGlobalSection
EndGlobal
